
Microsoft Visual Studio Solution File, Format Version 12.00
# Visual Studio Version 17
VisualStudioVersion = 17.5.33502.453
MinimumVisualStudioVersion = 10.0.40219.1
Project("{FAE04EC0-301F-11D3-BF4B-00C04F79EFBC}") = "TextEditor", "TextEditor.csproj", "{12F88FC7-B8C5-49DF-9BB3-0A73691FA04D}"
EndProject
Global
	GlobalSection(SolutionConfigurationPlatforms) = preSolution
		Debug|Any CPU = Debug|Any CPU
		Release|Any CPU = Release|Any CPU
	EndGlobalSection
	GlobalSection(ProjectConfigurationPlatforms) = postSolution
		{12F88FC7-B8C5-49DF-9BB3-0A73691FA04D}.Debug|Any CPU.ActiveCfg = Debug|Any CPU
		{12F88FC7-B8C5-49DF-9BB3-0A73691FA04D}.Debug|Any CPU.Build.0 = Debug|Any CPU
		{12F88FC7-B8C5-49DF-9BB3-0A73691FA04D}.Release|Any CPU.ActiveCfg = Release|Any CPU
		{12F88FC7-B8C5-49DF-9BB3-0A73691FA04D}.Release|Any CPU.Build.0 = Release|Any CPU
	EndGlobalSection
	GlobalSection(SolutionProperties) = preSolution
		HideSolutionNode = FALSE
	EndGlobalSection
	GlobalSection(ExtensibilityGlobals) = postSolution
		SolutionGuid = {D96AC192-0144-4241-A6A1-7AF6F919C91E}
	EndGlobalSection
EndGlobal
